
Microsoft Visual Studio Solution File, Format Version 12.00
# Visual Studio Version 17
VisualStudioVersion = 17.11.35312.102
MinimumVisualStudioVersion = 10.0.40219.1
Project("{FAE04EC0-301F-11D3-BF4B-00C04F79EFBC}") = "CountdownApp", "CountdownApp.csproj", "{3B8B0A5C-47E3-4C78-91C4-C473D1612717}"
EndProject
Global
	GlobalSection(SolutionConfigurationPlatforms) = preSolution
		Debug|Any CPU = Debug|Any CPU
		Release|Any CPU = Release|Any CPU
	EndGlobalSection
	GlobalSection(ProjectConfigurationPlatforms) = postSolution
		{3B8B0A5C-47E3-4C78-91C4-C473D1612717}.Debug|Any CPU.ActiveCfg = Debug|Any CPU
		{3B8B0A5C-47E3-4C78-91C4-C473D1612717}.Debug|Any CPU.Build.0 = Debug|Any CPU
		{3B8B0A5C-47E3-4C78-91C4-C473D1612717}.Release|Any CPU.ActiveCfg = Release|Any CPU
		{3B8B0A5C-47E3-4C78-91C4-C473D1612717}.Release|Any CPU.Build.0 = Release|Any CPU
	EndGlobalSection
	GlobalSection(SolutionProperties) = preSolution
		HideSolutionNode = FALSE
	EndGlobalSection
	GlobalSection(ExtensibilityGlobals) = postSolution
		SolutionGuid = {7DB0F56A-3A6F-46C9-9803-F1789D984D42}
	EndGlobalSection
EndGlobal
