
Microsoft Visual Studio Solution File, Format Version 12.00
# Visual Studio Version 17
VisualStudioVersion = 17.11.35312.102
MinimumVisualStudioVersion = 10.0.40219.1
Project("{FAE04EC0-301F-11D3-BF4B-00C04F79EFBC}") = "FactorialApp", "FactorialApp.csproj", "{C842B57E-E544-42FA-B600-51F8BF10F7FB}"
EndProject
Global
	GlobalSection(SolutionConfigurationPlatforms) = preSolution
		Debug|Any CPU = Debug|Any CPU
		Release|Any CPU = Release|Any CPU
	EndGlobalSection
	GlobalSection(ProjectConfigurationPlatforms) = postSolution
		{C842B57E-E544-42FA-B600-51F8BF10F7FB}.Debug|Any CPU.ActiveCfg = Debug|Any CPU
		{C842B57E-E544-42FA-B600-51F8BF10F7FB}.Debug|Any CPU.Build.0 = Debug|Any CPU
		{C842B57E-E544-42FA-B600-51F8BF10F7FB}.Release|Any CPU.ActiveCfg = Release|Any CPU
		{C842B57E-E544-42FA-B600-51F8BF10F7FB}.Release|Any CPU.Build.0 = Release|Any CPU
	EndGlobalSection
	GlobalSection(SolutionProperties) = preSolution
		HideSolutionNode = FALSE
	EndGlobalSection
	GlobalSection(ExtensibilityGlobals) = postSolution
		SolutionGuid = {F67AB955-6E90-4A48-9E41-590830610A00}
	EndGlobalSection
EndGlobal
