
Microsoft Visual Studio Solution File, Format Version 12.00
# Visual Studio Version 17
VisualStudioVersion = 17.11.35312.102
MinimumVisualStudioVersion = 10.0.40219.1
Project("{FAE04EC0-301F-11D3-BF4B-00C04F79EFBC}") = "PhotoViewer", "PhotoViewer.csproj", "{52CB3312-970F-4114-B800-E50BE0520FCD}"
EndProject
Global
	GlobalSection(SolutionConfigurationPlatforms) = preSolution
		Debug|Any CPU = Debug|Any CPU
		Release|Any CPU = Release|Any CPU
	EndGlobalSection
	GlobalSection(ProjectConfigurationPlatforms) = postSolution
		{52CB3312-970F-4114-B800-E50BE0520FCD}.Debug|Any CPU.ActiveCfg = Debug|Any CPU
		{52CB3312-970F-4114-B800-E50BE0520FCD}.Debug|Any CPU.Build.0 = Debug|Any CPU
		{52CB3312-970F-4114-B800-E50BE0520FCD}.Release|Any CPU.ActiveCfg = Release|Any CPU
		{52CB3312-970F-4114-B800-E50BE0520FCD}.Release|Any CPU.Build.0 = Release|Any CPU
	EndGlobalSection
	GlobalSection(SolutionProperties) = preSolution
		HideSolutionNode = FALSE
	EndGlobalSection
	GlobalSection(ExtensibilityGlobals) = postSolution
		SolutionGuid = {1AC6B393-2743-404C-B727-1727CFC46D83}
	EndGlobalSection
EndGlobal
